{
    "version": "0.5",
    "requires": [
        "zlib/1.3.2#1cb806da49011867778ffb6ac7190fcb%1777558780.503",
        "yaml-cpp/0.8.0#1aa371213f0307605d88ad5445581aff%1773246038.815",
        "re2/20251105#8579cfd0bda4daf0683f9e3898f964b4%1772560729.95",
        "protobuf/6.33.5#ca5ff466767b31a1b496ec60247e105c%1785159690.783",
        "opentelemetry-cpp/1.20.0@gorundebug/boost#a29051f660e6b421444beac1679b93bf%1789045701.3495262",
        "openssl/3.6.3#a81313131c78c6414f25b5fe0a83204b%1783446193.901",
        "lz4/1.9.4#a2f02ad3908618757c68d3618256a196%1775037236.076",
        "librdkafka/2.8.0@gorundebug/boost#44e2fb9409d4f18f8957b43519a518ba%1789045700.7807775",
        "libiconv/1.17#9923bc6dc6f106646d6967e0039a5ada%1774021608.288",
        "libcron/1.3.3@gorundebug/boost#8ce389b0e55cd7187f1d31a03cc1a52f%1789045700.6483014",
        "libbacktrace/cci.20210118#a7691bfccd8caaf66309df196790a5a1%1722218217.276",
        "gtest/1.15.2@gorundebug/boost#6a638b877b5ad16c28efea363a943283%1789045700.927258",
        "grpc/1.83.1@gorundebug/boost#04c34b75c3d525d95370100512669235%1789045701.083497",
        "cyrus-sasl/2.1.28#63d62aec7c173849fb8a4e233b5667bf%1778160892.278",
        "c-ares/1.34.8#074b97a9e38159813ed5e2dcfeb290ca%1784539118.141",
        "bzip2/1.0.8#c470882369c2d95c5c77e970c0c7e321%1762886692.465",
        "boost/1.89.0#d33af727b3a9273b5770205fdf886fd1%1783338728.884",
        "asio-grpc/3.5.0#8f92f9e9625afe8fe2c6938a8ca22ca3%1768325511.174",
        "abseil/20260526.0#86f6dee9824225a6bf663650062b38b5%1783091797.447"
    ],
    "build_requires": [
        "zlib/1.3.2#1cb806da49011867778ffb6ac7190fcb%1777558780.503",
        "re2/20251105#8579cfd0bda4daf0683f9e3898f964b4%1772560729.95",
        "protobuf/6.33.5#ca5ff466767b31a1b496ec60247e105c%1785159690.783",
        "pkgconf/2.1.0#21f96520faf7660b99f872e956d2ac13%1755505630.82",
        "opentelemetry-proto/1.5.0@gorundebug/boost#843e0d6f6c4d3756a35bd5f6d99dec45%1789045701.213423",
        "openssl/3.6.3#a81313131c78c6414f25b5fe0a83204b%1783446193.901",
        "ninja/1.13.2#c8c5dc2a52ed6e4e42a66d75b4717ceb%1764096931.974",
        "meson/1.10.2#9d2d10681fe7fe61c788c58626c89b25%1775558003.754",
        "grpc/1.83.1@gorundebug/boost#04c34b75c3d525d95370100512669235%1789045701.083497",
        "gnu-config/cci.20210814#466e9d4d7779e1c142443f7ea44b4284%1762363589.329",
        "cmake/4.4.2#8a0d360635c870b1d5c675489ee25074%1786458127.662",
        "cmake/3.31.12#173a926abc2b77f03c826b6fd6539426%1779785723.158",
        "c-ares/1.34.8#074b97a9e38159813ed5e2dcfeb290ca%1784539118.141",
        "b2/5.5.3#043a75bcbb090e3f81f7ac849850d0ca%1784261134.143",
        "abseil/20260526.0#86f6dee9824225a6bf663650062b38b5%1783091797.447"
    ],
    "python_requires": [],
    "overrides": {
        "grpc/[>=1.67.1 <2]": [
            "grpc/1.83.1@gorundebug/boost"
        ],
        "boost/1.88.0": [
            "boost/1.89.0"
        ],
        "protobuf/6.33.5": [
            null,
            "protobuf/6.33.5"
        ],
        "abseil/20260526.0": [
            null,
            "abseil/20260526.0"
        ],
        "re2/20251105": [
            null,
            "re2/20251105"
        ],
        "grpc/[>=1.67.1 <2]@gorundebug/boost": [
            "grpc/1.83.1@gorundebug/boost"
        ]
    },
    "config_requires": []
}
